Microsoft Visual Studio Solution File, Format Version 12.00
# Visual Studio 15
VisualStudioVersion = 15.0.26124.0
MinimumVisualStudioVersion = 15.0.26124.0
Project("{9A19103F-16F7-4668-BE54-9A1E7A4F7556}") = "csMatrix", "csMatrix\csMatrix.csproj", "{31330E7D-8210-4325-8C14-1817116DFD3E}"
EndProject
Project("{2150E333-8FDC-42A3-9474-1A3956D46DE8}") = "Solution Items", "Solution Items", "{49FE9E3F-A50C-45C4-9220-99F9D63D3AE6}"
	ProjectSection(SolutionItems) = preProject
		.gitignore = .gitignore
		index.html = index.html
	EndProjectSection
EndProject
Global
	GlobalSection(SolutionConfigurationPlatforms) = preSolution
		Debug|Any CPU = Debug|Any CPU
		Debug|x64 = Debug|x64
		Debug|x86 = Debug|x86
		Release|Any CPU = Release|Any CPU
		Release|x64 = Release|x64
		Release|x86 = Release|x86
	EndGlobalSection
	GlobalSection(ProjectConfigurationPlatforms) = postSolution
		{31330E7D-8210-4325-8C14-1817116DFD3E}.Debug|Any CPU.ActiveCfg = Debug|Any CPU
		{31330E7D-8210-4325-8C14-1817116DFD3E}.Debug|Any CPU.Build.0 = Debug|Any CPU
		{31330E7D-8210-4325-8C14-1817116DFD3E}.Debug|x64.ActiveCfg = Debug|Any CPU
		{31330E7D-8210-4325-8C14-1817116DFD3E}.Debug|x64.Build.0 = Debug|Any CPU
		{31330E7D-8210-4325-8C14-1817116DFD3E}.Debug|x86.ActiveCfg = Debug|Any CPU
		{31330E7D-8210-4325-8C14-1817116DFD3E}.Debug|x86.Build.0 = Debug|Any CPU
		{31330E7D-8210-4325-8C14-1817116DFD3E}.Release|Any CPU.ActiveCfg = Release|Any CPU
		{31330E7D-8210-4325-8C14-1817116DFD3E}.Release|Any CPU.Build.0 = Release|Any CPU
		{31330E7D-8210-4325-8C14-1817116DFD3E}.Release|x64.ActiveCfg = Release|Any CPU
		{31330E7D-8210-4325-8C14-1817116DFD3E}.Release|x64.Build.0 = Release|Any CPU
		{31330E7D-8210-4325-8C14-1817116DFD3E}.Release|x86.ActiveCfg = Release|Any CPU
		{31330E7D-8210-4325-8C14-1817116DFD3E}.Release|x86.Build.0 = Release|Any CPU
	EndGlobalSection
	GlobalSection(SolutionProperties) = preSolution
		HideSolutionNode = FALSE
	EndGlobalSection
	GlobalSection(ExtensibilityGlobals) = postSolution
		SolutionGuid = {90F741D3-B2B1-4849-A5FE-6FE6408A22F8}
	EndGlobalSection
EndGlobal
